
Microsoft Visual Studio Solution File, Format Version 12.00
# Visual Studio Version 17
VisualStudioVersion = 17.8.34309.116
MinimumVisualStudioVersion = 10.0.40219.1
Project("{FAE04EC0-301F-11D3-BF4B-00C04F79EFBC}") = "Task", "Task\Task.csproj", "{3829B596-755A-42B2-A765-5CC1FE87BBF1}"
EndProject
Global
	GlobalSection(SolutionConfigurationPlatforms) = preSolution
		Debug|Any CPU = Debug|Any CPU
		Release|Any CPU = Release|Any CPU
	EndGlobalSection
	GlobalSection(ProjectConfigurationPlatforms) = postSolution
		{3829B596-755A-42B2-A765-5CC1FE87BBF1}.Debug|Any CPU.ActiveCfg = Debug|Any CPU
		{3829B596-755A-42B2-A765-5CC1FE87BBF1}.Debug|Any CPU.Build.0 = Debug|Any CPU
		{3829B596-755A-42B2-A765-5CC1FE87BBF1}.Release|Any CPU.ActiveCfg = Release|Any CPU
		{3829B596-755A-42B2-A765-5CC1FE87BBF1}.Release|Any CPU.Build.0 = Release|Any CPU
	EndGlobalSection
	GlobalSection(SolutionProperties) = preSolution
		HideSolutionNode = FALSE
	EndGlobalSection
	GlobalSection(ExtensibilityGlobals) = postSolution
		SolutionGuid = {F131D91A-98A3-4FF6-9934-638168CB86FE}
	EndGlobalSection
EndGlobal
